PODS:
  - MBProgressHUD (1.1.0)
  - MYL_Jewelry (0.0.9)
  - PrintKit (0.0.1):
    - MBProgressHUD (~> 1.1.0)
    - MYL_Jewelry
    - SnapKit (~> 5.0.0)
  - SnapKit (5.0.1)

DEPENDENCIES:
  - PrintKit (from `../`)

SPEC REPOS:
  https://github.com/CocoaPods/Specs.git:
    - MBProgressHUD
    - MYL_Jewelry
    - SnapKit

EXTERNAL SOURCES:
  PrintKit:
    :path: "../"

SPEC CHECKSUMS:
  MBProgressHUD: e7baa36a220447d8aeb12769bf0585582f3866d9
  MYL_Jewelry: f33faf21b4a66149ad776774b8ee697fdc6e2d18
  PrintKit: 39e25a887da2c0b1051f01e465d0dea294b750f6
  SnapKit: 97b92857e3df3a0c71833cce143274bf6ef8e5eb

PODFILE CHECKSUM: a05566716a7ffa531a3be02f369f224561042f05

COCOAPODS: 1.10.0
